
Microsoft Visual Studio Solution File, Format Version 12.00
# Visual Studio Version 16
VisualStudioVersion = 16.0.30907.101
MinimumVisualStudioVersion = 10.0.40219.1
Project("{FAE04EC0-301F-11D3-BF4B-00C04F79EFBC}") = "parserTest", "parserTest\parserTest.csproj", "{B4526AE9-9ADE-486B-9B49-4796514D7692}"
EndProject
Project("{FAE04EC0-301F-11D3-BF4B-00C04F79EFBC}") = "JsonPathParserLib", "JsonPathParserLib\JsonPathParserLib.csproj", "{10EA818F-D9AC-4183-94C2-2917DDF7BC19}"
EndProject
Global
	GlobalSection(SolutionConfigurationPlatforms) = preSolution
		Debug|Any CPU = Debug|Any CPU
		Release|Any CPU = Release|Any CPU
	EndGlobalSection
	GlobalSection(ProjectConfigurationPlatforms) = postSolution
		{B4526AE9-9ADE-486B-9B49-4796514D7692}.Debug|Any CPU.ActiveCfg = Debug|Any CPU
		{B4526AE9-9ADE-486B-9B49-4796514D7692}.Debug|Any CPU.Build.0 = Debug|Any CPU
		{B4526AE9-9ADE-486B-9B49-4796514D7692}.Release|Any CPU.ActiveCfg = Release|Any CPU
		{B4526AE9-9ADE-486B-9B49-4796514D7692}.Release|Any CPU.Build.0 = Release|Any CPU
		{10EA818F-D9AC-4183-94C2-2917DDF7BC19}.Debug|Any CPU.ActiveCfg = Debug|Any CPU
		{10EA818F-D9AC-4183-94C2-2917DDF7BC19}.Debug|Any CPU.Build.0 = Debug|Any CPU
		{10EA818F-D9AC-4183-94C2-2917DDF7BC19}.Release|Any CPU.ActiveCfg = Release|Any CPU
		{10EA818F-D9AC-4183-94C2-2917DDF7BC19}.Release|Any CPU.Build.0 = Release|Any CPU
	EndGlobalSection
	GlobalSection(SolutionProperties) = preSolution
		HideSolutionNode = FALSE
	EndGlobalSection
	GlobalSection(ExtensibilityGlobals) = postSolution
		SolutionGuid = {71C30C52-5E85-421F-B6FF-6967AA53D3BD}
	EndGlobalSection
EndGlobal
